
Microsoft Visual Studio Solution File, Format Version 12.00
# Visual Studio Version 16
VisualStudioVersion = 16.0.31515.178
MinimumVisualStudioVersion = 10.0.40219.1
Project("{FAE04EC0-301F-11D3-BF4B-00C04F79EFBC}") = "ThreadTest", "ThreadTest\ThreadTest\ThreadTest.csproj", "{27CE86D8-7507-4427-8038-54CA04FBDF11}"
EndProject
Project("{FAE04EC0-301F-11D3-BF4B-00C04F79EFBC}") = "ThreadTest.Android", "ThreadTest\ThreadTest.Android\ThreadTest.Android.csproj", "{75E47269-28E1-4401-AE25-F56F53A5B3AB}"
EndProject
Project("{FAE04EC0-301F-11D3-BF4B-00C04F79EFBC}") = "ThreadTest.iOS", "ThreadTest\ThreadTest.iOS\ThreadTest.iOS.csproj", "{968952F2-F520-494A-91A4-A398795437E5}"
EndProject
Project("{FAE04EC0-301F-11D3-BF4B-00C04F79EFBC}") = "ThreadTest.UWP", "ThreadTest\ThreadTest.UWP\ThreadTest.UWP.csproj", "{27650B7E-4909-4025-BA61-FD4BD76A3121}"
EndProject
Global
	GlobalSection(SolutionConfigurationPlatforms) = preSolution
		Ad-Hoc|Any CPU = Ad-Hoc|Any CPU
		Ad-Hoc|ARM = Ad-Hoc|ARM
		Ad-Hoc|iPhone = Ad-Hoc|iPhone
		Ad-Hoc|iPhoneSimulator = Ad-Hoc|iPhoneSimulator
		Ad-Hoc|x64 = Ad-Hoc|x64
		Ad-Hoc|x86 = Ad-Hoc|x86
		AppStore|Any CPU = AppStore|Any CPU
		AppStore|ARM = AppStore|ARM
		AppStore|iPhone = AppStore|iPhone
		AppStore|iPhoneSimulator = AppStore|iPhoneSimulator
		AppStore|x64 = AppStore|x64
		AppStore|x86 = AppStore|x86
		Debug|Any CPU = Debug|Any CPU
		Debug|ARM = Debug|ARM
		Debug|iPhone = Debug|iPhone
		Debug|iPhoneSimulator = Debug|iPhoneSimulator
		Debug|x64 = Debug|x64
		Debug|x86 = Debug|x86
		Release|Any CPU = Release|Any CPU
		Release|ARM = Release|ARM
		Release|iPhone = Release|iPhone
		Release|iPhoneSimulator = Release|iPhoneSimulator
		Release|x64 = Release|x64
		Release|x86 = Release|x86
	EndGlobalSection
	GlobalSection(ProjectConfigurationPlatforms) = postSolution
		{27CE86D8-7507-4427-8038-54CA04FBDF11}.Ad-Hoc|Any CPU.ActiveCfg = Debug|Any CPU
		{27CE86D8-7507-4427-8038-54CA04FBDF11}.Ad-Hoc|Any CPU.Build.0 = Debug|Any CPU
		{27CE86D8-7507-4427-8038-54CA04FBDF11}.Ad-Hoc|ARM.ActiveCfg = Debug|Any CPU
		{27CE86D8-7507-4427-8038-54CA04FBDF11}.Ad-Hoc|ARM.Build.0 = Debug|Any CPU
		{27CE86D8-7507-4427-8038-54CA04FBDF11}.Ad-Hoc|iPhone.ActiveCfg = Debug|Any CPU
		{27CE86D8-7507-4427-8038-54CA04FBDF11}.Ad-Hoc|iPhone.Build.0 = Debug|Any CPU
		{27CE86D8-7507-4427-8038-54CA04FBDF11}.Ad-Hoc|iPhoneSimulator.ActiveCfg = Debug|Any CPU
		{27CE86D8-7507-4427-8038-54CA04FBDF11}.Ad-Hoc|iPhoneSimulator.Build.0 = Debug|Any CPU
		{27CE86D8-7507-4427-8038-54CA04FBDF11}.Ad-Hoc|x64.ActiveCfg = Debug|Any CPU
		{27CE86D8-7507-4427-8038-54CA04FBDF11}.Ad-Hoc|x64.Build.0 = Debug|Any CPU
		{27CE86D8-7507-4427-8038-54CA04FBDF11}.Ad-Hoc|x86.ActiveCfg = Debug|Any CPU
		{27CE86D8-7507-4427-8038-54CA04FBDF11}.Ad-Hoc|x86.Build.0 = Debug|Any CPU
		{27CE86D8-7507-4427-8038-54CA04FBDF11}.AppStore|Any CPU.ActiveCfg = Debug|Any CPU
		{27CE86D8-7507-4427-8038-54CA04FBDF11}.AppStore|Any CPU.Build.0 = Debug|Any CPU
		{27CE86D8-7507-4427-8038-54CA04FBDF11}.AppStore|ARM.ActiveCfg = Debug|Any CPU
		{27CE86D8-7507-4427-8038-54CA04FBDF11}.AppStore|ARM.Build.0 = Debug|Any CPU
		{27CE86D8-7507-4427-8038-54CA04FBDF11}.AppStore|iPhone.ActiveCfg = Debug|Any CPU
		{27CE86D8-7507-4427-8038-54CA04FBDF11}.AppStore|iPhone.Build.0 = Debug|Any CPU
		{27CE86D8-7507-4427-8038-54CA04FBDF11}.AppStore|iPhoneSimulator.ActiveCfg = Debug|Any CPU
		{27CE86D8-7507-4427-8038-54CA04FBDF11}.AppStore|iPhoneSimulator.Build.0 = Debug|Any CPU
		{27CE86D8-7507-4427-8038-54CA04FBDF11}.AppStore|x64.ActiveCfg = Debug|Any CPU
		{27CE86D8-7507-4427-8038-54CA04FBDF11}.AppStore|x64.Build.0 = Debug|Any CPU
		{27CE86D8-7507-4427-8038-54CA04FBDF11}.AppStore|x86.ActiveCfg = Debug|Any CPU
		{27CE86D8-7507-4427-8038-54CA04FBDF11}.AppStore|x86.Build.0 = Debug|Any CPU
		{27CE86D8-7507-4427-8038-54CA04FBDF11}.Debug|Any CPU.ActiveCfg = Debug|Any CPU
		{27CE86D8-7507-4427-8038-54CA04FBDF11}.Debug|Any CPU.Build.0 = Debug|Any CPU
		{27CE86D8-7507-4427-8038-54CA04FBDF11}.Debug|ARM.ActiveCfg = Debug|Any CPU
		{27CE86D8-7507-4427-8038-54CA04FBDF11}.Debug|ARM.Build.0 = Debug|Any CPU
		{27CE86D8-7507-4427-8038-54CA04FBDF11}.Debug|iPhone.ActiveCfg = Debug|Any CPU
		{27CE86D8-7507-4427-8038-54CA04FBDF11}.Debug|iPhone.Build.0 = Debug|Any CPU
		{27CE86D8-7507-4427-8038-54CA04FBDF11}.Debug|iPhoneSimulator.ActiveCfg = Debug|Any CPU
		{27CE86D8-7507-4427-8038-54CA04FBDF11}.Debug|iPhoneSimulator.Build.0 = Debug|Any CPU
		{27CE86D8-7507-4427-8038-54CA04FBDF11}.Debug|x64.ActiveCfg = Debug|Any CPU
		{27CE86D8-7507-4427-8038-54CA04FBDF11}.Debug|x64.Build.0 = Debug|Any CPU
		{27CE86D8-7507-4427-8038-54CA04FBDF11}.Debug|x86.ActiveCfg = Debug|Any CPU
		{27CE86D8-7507-4427-8038-54CA04FBDF11}.Debug|x86.Build.0 = Debug|Any CPU
		{27CE86D8-7507-4427-8038-54CA04FBDF11}.Release|Any CPU.ActiveCfg = Release|Any CPU
		{27CE86D8-7507-4427-8038-54CA04FBDF11}.Release|Any CPU.Build.0 = Release|Any CPU
		{27CE86D8-7507-4427-8038-54CA04FBDF11}.Release|ARM.ActiveCfg = Release|Any CPU
		{27CE86D8-7507-4427-8038-54CA04FBDF11}.Release|ARM.Build.0 = Release|Any CPU
		{27CE86D8-7507-4427-8038-54CA04FBDF11}.Release|iPhone.ActiveCfg = Release|Any CPU
		{27CE86D8-7507-4427-8038-54CA04FBDF11}.Release|iPhone.Build.0 = Release|Any CPU
		{27CE86D8-7507-4427-8038-54CA04FBDF11}.Release|iPhoneSimulator.ActiveCfg = Release|Any CPU
		{27CE86D8-7507-4427-8038-54CA04FBDF11}.Release|iPhoneSimulator.Build.0 = Release|Any CPU
		{27CE86D8-7507-4427-8038-54CA04FBDF11}.Release|x64.ActiveCfg = Release|Any CPU
		{27CE86D8-7507-4427-8038-54CA04FBDF11}.Release|x64.Build.0 = Release|Any CPU
		{27CE86D8-7507-4427-8038-54CA04FBDF11}.Release|x86.ActiveCfg = Release|Any CPU
		{27CE86D8-7507-4427-8038-54CA04FBDF11}.Release|x86.Build.0 = Release|Any CPU
		{75E47269-28E1-4401-AE25-F56F53A5B3AB}.Ad-Hoc|Any CPU.ActiveCfg = Debug|Any CPU
		{75E47269-28E1-4401-AE25-F56F53A5B3AB}.Ad-Hoc|Any CPU.Build.0 = Debug|Any CPU
		{75E47269-28E1-4401-AE25-F56F53A5B3AB}.Ad-Hoc|Any CPU.Deploy.0 = Debug|Any CPU
		{75E47269-28E1-4401-AE25-F56F53A5B3AB}.Ad-Hoc|ARM.ActiveCfg = Debug|Any CPU
		{75E47269-28E1-4401-AE25-F56F53A5B3AB}.Ad-Hoc|ARM.Build.0 = Debug|Any CPU
		{75E47269-28E1-4401-AE25-F56F53A5B3AB}.Ad-Hoc|ARM.Deploy.0 = Debug|Any CPU
		{75E47269-28E1-4401-AE25-F56F53A5B3AB}.Ad-Hoc|iPhone.ActiveCfg = Debug|Any CPU
		{75E47269-28E1-4401-AE25-F56F53A5B3AB}.Ad-Hoc|iPhone.Build.0 = Debug|Any CPU
		{75E47269-28E1-4401-AE25-F56F53A5B3AB}.Ad-Hoc|iPhone.Deploy.0 = Debug|Any CPU
		{75E47269-28E1-4401-AE25-F56F53A5B3AB}.Ad-Hoc|iPhoneSimulator.ActiveCfg = Debug|Any CPU
		{75E47269-28E1-4401-AE25-F56F53A5B3AB}.Ad-Hoc|iPhoneSimulator.Build.0 = Debug|Any CPU
		{75E47269-28E1-4401-AE25-F56F53A5B3AB}.Ad-Hoc|iPhoneSimulator.Deploy.0 = Debug|Any CPU
		{75E47269-28E1-4401-AE25-F56F53A5B3AB}.Ad-Hoc|x64.ActiveCfg = Debug|Any CPU
		{75E47269-28E1-4401-AE25-F56F53A5B3AB}.Ad-Hoc|x64.Build.0 = Debug|Any CPU
		{75E47269-28E1-4401-AE25-F56F53A5B3AB}.Ad-Hoc|x64.Deploy.0 = Debug|Any CPU
		{75E47269-28E1-4401-AE25-F56F53A5B3AB}.Ad-Hoc|x86.ActiveCfg = Debug|Any CPU
		{75E47269-28E1-4401-AE25-F56F53A5B3AB}.Ad-Hoc|x86.Build.0 = Debug|Any CPU
		{75E47269-28E1-4401-AE25-F56F53A5B3AB}.Ad-Hoc|x86.Deploy.0 = Debug|Any CPU
		{75E47269-28E1-4401-AE25-F56F53A5B3AB}.AppStore|Any CPU.ActiveCfg = Debug|Any CPU
		{75E47269-28E1-4401-AE25-F56F53A5B3AB}.AppStore|Any CPU.Build.0 = Debug|Any CPU
		{75E47269-28E1-4401-AE25-F56F53A5B3AB}.AppStore|Any CPU.Deploy.0 = Debug|Any CPU
		{75E47269-28E1-4401-AE25-F56F53A5B3AB}.AppStore|ARM.ActiveCfg = Debug|Any CPU
		{75E47269-28E1-4401-AE25-F56F53A5B3AB}.AppStore|ARM.Build.0 = Debug|Any CPU
		{75E47269-28E1-4401-AE25-F56F53A5B3AB}.AppStore|ARM.Deploy.0 = Debug|Any CPU
		{75E47269-28E1-4401-AE25-F56F53A5B3AB}.AppStore|iPhone.ActiveCfg = Debug|Any CPU
		{75E47269-28E1-4401-AE25-F56F53A5B3AB}.AppStore|iPhone.Build.0 = Debug|Any CPU
		{75E47269-28E1-4401-AE25-F56F53A5B3AB}.AppStore|iPhone.Deploy.0 = Debug|Any CPU
		{75E47269-28E1-4401-AE25-F56F53A5B3AB}.AppStore|iPhoneSimulator.ActiveCfg = Debug|Any CPU
		{75E47269-28E1-4401-AE25-F56F53A5B3AB}.AppStore|iPhoneSimulator.Build.0 = Debug|Any CPU
		{75E47269-28E1-4401-AE25-F56F53A5B3AB}.AppStore|iPhoneSimulator.Deploy.0 = Debug|Any CPU
		{75E47269-28E1-4401-AE25-F56F53A5B3AB}.AppStore|x64.ActiveCfg = Debug|Any CPU
		{75E47269-28E1-4401-AE25-F56F53A5B3AB}.AppStore|x64.Build.0 = Debug|Any CPU
		{75E47269-28E1-4401-AE25-F56F53A5B3AB}.AppStore|x64.Deploy.0 = Debug|Any CPU
		{75E47269-28E1-4401-AE25-F56F53A5B3AB}.AppStore|x86.ActiveCfg = Debug|Any CPU
		{75E47269-28E1-4401-AE25-F56F53A5B3AB}.AppStore|x86.Build.0 = Debug|Any CPU
		{75E47269-28E1-4401-AE25-F56F53A5B3AB}.AppStore|x86.Deploy.0 = Debug|Any CPU
		{75E47269-28E1-4401-AE25-F56F53A5B3AB}.Debug|Any CPU.ActiveCfg = Debug|Any CPU
		{75E47269-28E1-4401-AE25-F56F53A5B3AB}.Debug|Any CPU.Build.0 = Debug|Any CPU
		{75E47269-28E1-4401-AE25-F56F53A5B3AB}.Debug|Any CPU.Deploy.0 = Debug|Any CPU
		{75E47269-28E1-4401-AE25-F56F53A5B3AB}.Debug|ARM.ActiveCfg = Debug|Any CPU
		{75E47269-28E1-4401-AE25-F56F53A5B3AB}.Debug|ARM.Build.0 = Debug|Any CPU
		{75E47269-28E1-4401-AE25-F56F53A5B3AB}.Debug|ARM.Deploy.0 = Debug|Any CPU
		{75E47269-28E1-4401-AE25-F56F53A5B3AB}.Debug|iPhone.ActiveCfg = Debug|Any CPU
		{75E47269-28E1-4401-AE25-F56F53A5B3AB}.Debug|iPhone.Build.0 = Debug|Any CPU
		{75E47269-28E1-4401-AE25-F56F53A5B3AB}.Debug|iPhone.Deploy.0 = Debug|Any CPU
		{75E47269-28E1-4401-AE25-F56F53A5B3AB}.Debug|iPhoneSimulator.ActiveCfg = Debug|Any CPU
		{75E47269-28E1-4401-AE25-F56F53A5B3AB}.Debug|iPhoneSimulator.Build.0 = Debug|Any CPU
		{75E47269-28E1-4401-AE25-F56F53A5B3AB}.Debug|iPhoneSimulator.Deploy.0 = Debug|Any CPU
		{75E47269-28E1-4401-AE25-F56F53A5B3AB}.Debug|x64.ActiveCfg = Debug|Any CPU
		{75E47269-28E1-4401-AE25-F56F53A5B3AB}.Debug|x64.Build.0 = Debug|Any CPU
		{75E47269-28E1-4401-AE25-F56F53A5B3AB}.Debug|x64.Deploy.0 = Debug|Any CPU
		{75E47269-28E1-4401-AE25-F56F53A5B3AB}.Debug|x86.ActiveCfg = Debug|Any CPU
		{75E47269-28E1-4401-AE25-F56F53A5B3AB}.Debug|x86.Build.0 = Debug|Any CPU
		{75E47269-28E1-4401-AE25-F56F53A5B3AB}.Debug|x86.Deploy.0 = Debug|Any CPU
		{75E47269-28E1-4401-AE25-F56F53A5B3AB}.Release|Any CPU.ActiveCfg = Release|Any CPU
		{75E47269-28E1-4401-AE25-F56F53A5B3AB}.Release|Any CPU.Build.0 = Release|Any CPU
		{75E47269-28E1-4401-AE25-F56F53A5B3AB}.Release|Any CPU.Deploy.0 = Release|Any CPU
		{75E47269-28E1-4401-AE25-F56F53A5B3AB}.Release|ARM.ActiveCfg = Release|Any CPU
		{75E47269-28E1-4401-AE25-F56F53A5B3AB}.Release|ARM.Build.0 = Release|Any CPU
		{75E47269-28E1-4401-AE25-F56F53A5B3AB}.Release|ARM.Deploy.0 = Release|Any CPU
		{75E47269-28E1-4401-AE25-F56F53A5B3AB}.Release|iPhone.ActiveCfg = Release|Any CPU
		{75E47269-28E1-4401-AE25-F56F53A5B3AB}.Release|iPhone.Build.0 = Release|Any CPU
		{75E47269-28E1-4401-AE25-F56F53A5B3AB}.Release|iPhone.Deploy.0 = Release|Any CPU
		{75E47269-28E1-4401-AE25-F56F53A5B3AB}.Release|iPhoneSimulator.ActiveCfg = Release|Any CPU
		{75E47269-28E1-4401-AE25-F56F53A5B3AB}.Release|iPhoneSimulator.Build.0 = Release|Any CPU
		{75E47269-28E1-4401-AE25-F56F53A5B3AB}.Release|iPhoneSimulator.Deploy.0 = Release|Any CPU
		{75E47269-28E1-4401-AE25-F56F53A5B3AB}.Release|x64.ActiveCfg = Release|Any CPU
		{75E47269-28E1-4401-AE25-F56F53A5B3AB}.Release|x64.Build.0 = Release|Any CPU
		{75E47269-28E1-4401-AE25-F56F53A5B3AB}.Release|x64.Deploy.0 = Release|Any CPU
		{75E47269-28E1-4401-AE25-F56F53A5B3AB}.Release|x86.ActiveCfg = Release|Any CPU
		{75E47269-28E1-4401-AE25-F56F53A5B3AB}.Release|x86.Build.0 = Release|Any CPU
		{75E47269-28E1-4401-AE25-F56F53A5B3AB}.Release|x86.Deploy.0 = Release|Any CPU
		{968952F2-F520-494A-91A4-A398795437E5}.Ad-Hoc|Any CPU.ActiveCfg = Ad-Hoc|iPhoneSimulator
		{968952F2-F520-494A-91A4-A398795437E5}.Ad-Hoc|ARM.ActiveCfg = Ad-Hoc|iPhoneSimulator
		{968952F2-F520-494A-91A4-A398795437E5}.Ad-Hoc|iPhone.ActiveCfg = Ad-Hoc|iPhone
		{968952F2-F520-494A-91A4-A398795437E5}.Ad-Hoc|iPhone.Build.0 = Ad-Hoc|iPhone
		{968952F2-F520-494A-91A4-A398795437E5}.Ad-Hoc|iPhoneSimulator.ActiveCfg = Ad-Hoc|iPhoneSimulator
		{968952F2-F520-494A-91A4-A398795437E5}.Ad-Hoc|iPhoneSimulator.Build.0 = Ad-Hoc|iPhoneSimulator
		{968952F2-F520-494A-91A4-A398795437E5}.Ad-Hoc|x64.ActiveCfg = Ad-Hoc|iPhoneSimulator
		{968952F2-F520-494A-91A4-A398795437E5}.Ad-Hoc|x86.ActiveCfg = Ad-Hoc|iPhoneSimulator
		{968952F2-F520-494A-91A4-A398795437E5}.AppStore|Any CPU.ActiveCfg = AppStore|iPhoneSimulator
		{968952F2-F520-494A-91A4-A398795437E5}.AppStore|ARM.ActiveCfg = AppStore|iPhoneSimulator
		{968952F2-F520-494A-91A4-A398795437E5}.AppStore|iPhone.ActiveCfg = AppStore|iPhone
		{968952F2-F520-494A-91A4-A398795437E5}.AppStore|iPhone.Build.0 = AppStore|iPhone
		{968952F2-F520-494A-91A4-A398795437E5}.AppStore|iPhoneSimulator.ActiveCfg = AppStore|iPhoneSimulator
		{968952F2-F520-494A-91A4-A398795437E5}.AppStore|iPhoneSimulator.Build.0 = AppStore|iPhoneSimulator
		{968952F2-F520-494A-91A4-A398795437E5}.AppStore|x64.ActiveCfg = AppStore|iPhoneSimulator
		{968952F2-F520-494A-91A4-A398795437E5}.AppStore|x86.ActiveCfg = AppStore|iPhoneSimulator
		{968952F2-F520-494A-91A4-A398795437E5}.Debug|Any CPU.ActiveCfg = Debug|iPhoneSimulator
		{968952F2-F520-494A-91A4-A398795437E5}.Debug|ARM.ActiveCfg = Debug|iPhoneSimulator
		{968952F2-F520-494A-91A4-A398795437E5}.Debug|iPhone.ActiveCfg = Debug|iPhone
		{968952F2-F520-494A-91A4-A398795437E5}.Debug|iPhone.Build.0 = Debug|iPhone
		{968952F2-F520-494A-91A4-A398795437E5}.Debug|iPhoneSimulator.ActiveCfg = Debug|iPhoneSimulator
		{968952F2-F520-494A-91A4-A398795437E5}.Debug|iPhoneSimulator.Build.0 = Debug|iPhoneSimulator
		{968952F2-F520-494A-91A4-A398795437E5}.Debug|x64.ActiveCfg = Debug|iPhoneSimulator
		{968952F2-F520-494A-91A4-A398795437E5}.Debug|x86.ActiveCfg = Debug|iPhoneSimulator
		{968952F2-F520-494A-91A4-A398795437E5}.Release|Any CPU.ActiveCfg = Release|iPhoneSimulator
		{968952F2-F520-494A-91A4-A398795437E5}.Release|ARM.ActiveCfg = Release|iPhoneSimulator
		{968952F2-F520-494A-91A4-A398795437E5}.Release|iPhone.ActiveCfg = Release|iPhone
		{968952F2-F520-494A-91A4-A398795437E5}.Release|iPhone.Build.0 = Release|iPhone
		{968952F2-F520-494A-91A4-A398795437E5}.Release|iPhoneSimulator.ActiveCfg = Release|iPhoneSimulator
		{968952F2-F520-494A-91A4-A398795437E5}.Release|iPhoneSimulator.Build.0 = Release|iPhoneSimulator
		{968952F2-F520-494A-91A4-A398795437E5}.Release|x64.ActiveCfg = Release|iPhoneSimulator
		{968952F2-F520-494A-91A4-A398795437E5}.Release|x86.ActiveCfg = Release|iPhoneSimulator
		{27650B7E-4909-4025-BA61-FD4BD76A3121}.Ad-Hoc|Any CPU.ActiveCfg = Debug|ARM
		{27650B7E-4909-4025-BA61-FD4BD76A3121}.Ad-Hoc|Any CPU.Build.0 = Debug|ARM
		{27650B7E-4909-4025-BA61-FD4BD76A3121}.Ad-Hoc|Any CPU.Deploy.0 = Debug|ARM
		{27650B7E-4909-4025-BA61-FD4BD76A3121}.Ad-Hoc|ARM.ActiveCfg = Debug|ARM
		{27650B7E-4909-4025-BA61-FD4BD76A3121}.Ad-Hoc|ARM.Build.0 = Debug|ARM
		{27650B7E-4909-4025-BA61-FD4BD76A3121}.Ad-Hoc|ARM.Deploy.0 = Debug|ARM
		{27650B7E-4909-4025-BA61-FD4BD76A3121}.Ad-Hoc|iPhone.ActiveCfg = Debug|ARM
		{27650B7E-4909-4025-BA61-FD4BD76A3121}.Ad-Hoc|iPhone.Build.0 = Debug|ARM
		{27650B7E-4909-4025-BA61-FD4BD76A3121}.Ad-Hoc|iPhone.Deploy.0 = Debug|ARM
		{27650B7E-4909-4025-BA61-FD4BD76A3121}.Ad-Hoc|iPhoneSimulator.ActiveCfg = Debug|ARM
		{27650B7E-4909-4025-BA61-FD4BD76A3121}.Ad-Hoc|iPhoneSimulator.Build.0 = Debug|ARM
		{27650B7E-4909-4025-BA61-FD4BD76A3121}.Ad-Hoc|iPhoneSimulator.Deploy.0 = Debug|ARM
		{27650B7E-4909-4025-BA61-FD4BD76A3121}.Ad-Hoc|x64.ActiveCfg = Debug|x64
		{27650B7E-4909-4025-BA61-FD4BD76A3121}.Ad-Hoc|x64.Build.0 = Debug|x64
		{27650B7E-4909-4025-BA61-FD4BD76A3121}.Ad-Hoc|x64.Deploy.0 = Debug|x64
		{27650B7E-4909-4025-BA61-FD4BD76A3121}.Ad-Hoc|x86.ActiveCfg = Debug|x86
		{27650B7E-4909-4025-BA61-FD4BD76A3121}.Ad-Hoc|x86.Build.0 = Debug|x86
		{27650B7E-4909-4025-BA61-FD4BD76A3121}.Ad-Hoc|x86.Deploy.0 = Debug|x86
		{27650B7E-4909-4025-BA61-FD4BD76A3121}.AppStore|Any CPU.ActiveCfg = Debug|ARM
		{27650B7E-4909-4025-BA61-FD4BD76A3121}.AppStore|Any CPU.Build.0 = Debug|ARM
		{27650B7E-4909-4025-BA61-FD4BD76A3121}.AppStore|Any CPU.Deploy.0 = Debug|ARM
		{27650B7E-4909-4025-BA61-FD4BD76A3121}.AppStore|ARM.ActiveCfg = Debug|ARM
		{27650B7E-4909-4025-BA61-FD4BD76A3121}.AppStore|ARM.Build.0 = Debug|ARM
		{27650B7E-4909-4025-BA61-FD4BD76A3121}.AppStore|ARM.Deploy.0 = Debug|ARM
		{27650B7E-4909-4025-BA61-FD4BD76A3121}.AppStore|iPhone.ActiveCfg = Debug|ARM
		{27650B7E-4909-4025-BA61-FD4BD76A3121}.AppStore|iPhone.Build.0 = Debug|ARM
		{27650B7E-4909-4025-BA61-FD4BD76A3121}.AppStore|iPhone.Deploy.0 = Debug|ARM
		{27650B7E-4909-4025-BA61-FD4BD76A3121}.AppStore|iPhoneSimulator.ActiveCfg = Debug|ARM
		{27650B7E-4909-4025-BA61-FD4BD76A3121}.AppStore|iPhoneSimulator.Build.0 = Debug|ARM
		{27650B7E-4909-4025-BA61-FD4BD76A3121}.AppStore|iPhoneSimulator.Deploy.0 = Debug|ARM
		{27650B7E-4909-4025-BA61-FD4BD76A3121}.AppStore|x64.ActiveCfg = Debug|x64
		{27650B7E-4909-4025-BA61-FD4BD76A3121}.AppStore|x64.Build.0 = Debug|x64
		{27650B7E-4909-4025-BA61-FD4BD76A3121}.AppStore|x64.Deploy.0 = Debug|x64
		{27650B7E-4909-4025-BA61-FD4BD76A3121}.AppStore|x86.ActiveCfg = Debug|x86
		{27650B7E-4909-4025-BA61-FD4BD76A3121}.AppStore|x86.Build.0 = Debug|x86
		{27650B7E-4909-4025-BA61-FD4BD76A3121}.AppStore|x86.Deploy.0 = Debug|x86
		{27650B7E-4909-4025-BA61-FD4BD76A3121}.Debug|Any CPU.ActiveCfg = Debug|x86
		{27650B7E-4909-4025-BA61-FD4BD76A3121}.Debug|ARM.ActiveCfg = Debug|ARM
		{27650B7E-4909-4025-BA61-FD4BD76A3121}.Debug|ARM.Build.0 = Debug|ARM
		{27650B7E-4909-4025-BA61-FD4BD76A3121}.Debug|ARM.Deploy.0 = Debug|ARM
		{27650B7E-4909-4025-BA61-FD4BD76A3121}.Debug|iPhone.ActiveCfg = Debug|x86
		{27650B7E-4909-4025-BA61-FD4BD76A3121}.Debug|iPhoneSimulator.ActiveCfg = Debug|x86
		{27650B7E-4909-4025-BA61-FD4BD76A3121}.Debug|x64.ActiveCfg = Debug|x64
		{27650B7E-4909-4025-BA61-FD4BD76A3121}.Debug|x64.Build.0 = Debug|x64
		{27650B7E-4909-4025-BA61-FD4BD76A3121}.Debug|x64.Deploy.0 = Debug|x64
		{27650B7E-4909-4025-BA61-FD4BD76A3121}.Debug|x86.ActiveCfg = Debug|x86
		{27650B7E-4909-4025-BA61-FD4BD76A3121}.Debug|x86.Build.0 = Debug|x86
		{27650B7E-4909-4025-BA61-FD4BD76A3121}.Debug|x86.Deploy.0 = Debug|x86
		{27650B7E-4909-4025-BA61-FD4BD76A3121}.Release|Any CPU.ActiveCfg = Release|x86
		{27650B7E-4909-4025-BA61-FD4BD76A3121}.Release|ARM.ActiveCfg = Release|ARM
		{27650B7E-4909-4025-BA61-FD4BD76A3121}.Release|ARM.Build.0 = Release|ARM
		{27650B7E-4909-4025-BA61-FD4BD76A3121}.Release|ARM.Deploy.0 = Release|ARM
		{27650B7E-4909-4025-BA61-FD4BD76A3121}.Release|iPhone.ActiveCfg = Release|x86
		{27650B7E-4909-4025-BA61-FD4BD76A3121}.Release|iPhoneSimulator.ActiveCfg = Release|x86
		{27650B7E-4909-4025-BA61-FD4BD76A3121}.Release|x64.ActiveCfg = Release|x64
		{27650B7E-4909-4025-BA61-FD4BD76A3121}.Release|x64.Build.0 = Release|x64
		{27650B7E-4909-4025-BA61-FD4BD76A3121}.Release|x64.Deploy.0 = Release|x64
		{27650B7E-4909-4025-BA61-FD4BD76A3121}.Release|x86.ActiveCfg = Release|x86
		{27650B7E-4909-4025-BA61-FD4BD76A3121}.Release|x86.Build.0 = Release|x86
		{27650B7E-4909-4025-BA61-FD4BD76A3121}.Release|x86.Deploy.0 = Release|x86
	EndGlobalSection
	GlobalSection(SolutionProperties) = preSolution
		HideSolutionNode = FALSE
	EndGlobalSection
	GlobalSection(ExtensibilityGlobals) = postSolution
		SolutionGuid = {92A274BA-0005-4CEE-942F-B8C8358B426D}
	EndGlobalSection
EndGlobal
